// !$*UTF8*$!
{
	archiveVersion = 1;
	classes = {
	};
	objectVersion = 46;
	objects = {

/* Begin PBXBuildFile section */
		66CE80C11E044E32003D0344 /* AppDelegate.swift in Sources */ = {isa = PBXBuildFile; fileRef = 66CE80C01E044E32003D0344 /* AppDelegate.swift */; };
		66CE80C31E044E32003D0344 /* ViewController.swift in Sources */ = {isa = PBXBuildFile; fileRef = 66CE80C21E044E32003D0344 /* ViewController.swift */; };
		66CE80C61E044E32003D0344 /* Main.storyboard in Resources */ = {isa = PBXBuildFile; fileRef = 66CE80C41E044E32003D0344 /* Main.storyboard */; };
		66CE80C81E044E32003D0344 /* Assets.xcassets in Resources */ = {isa = PBXBuildFile; fileRef = 66CE80C71E044E32003D0344 /* Assets.xcassets */; };
		66CE80CB1E044E32003D0344 /* LaunchScreen.storyboard in Resources */ = {isa = PBXBuildFile; fileRef = 66CE80C91E044E32003D0344 /* LaunchScreen.storyboard */; };
		66CE80D31E0450CA003D0344 /* LigasTableViewController.swift in Sources */ = {isa = PBXBuildFile; fileRef = 66CE80D21E0450CA003D0344 /* LigasTableViewController.swift */; };
		66CE80D51E045600003D0344 /* CeldaLigaTableViewCell.swift in Sources */ = {isa = PBXBuildFile; fileRef = 66CE80D41E045600003D0344 /* CeldaLigaTableViewCell.swift */; };
		66FF0AEF1E046AA5009A8AF5 /* PartidosTableViewController.swift in Sources */ = {isa = PBXBuildFile; fileRef = 66FF0AEE1E046AA5009A8AF5 /* PartidosTableViewController.swift */; };
		66FF0AF11E046C95009A8AF5 /* PartidosTableViewCell.swift in Sources */ = {isa = PBXBuildFile; fileRef = 66FF0AF01E046C95009A8AF5 /* PartidosTableViewCell.swift */; };
		66FF0AF31E053879009A8AF5 /* LiveScoreTableViewCell.swift in Sources */ = {isa = PBXBuildFile; fileRef = 66FF0AF21E053879009A8AF5 /* LiveScoreTableViewCell.swift */; };
		66FF0AF51E05388E009A8AF5 /* LiveScoreTableViewController.swift in Sources */ = {isa = PBXBuildFile; fileRef = 66FF0AF41E05388E009A8AF5 /* LiveScoreTableViewController.swift */; };
		66FF0AF71E055317009A8AF5 /* DetallePartidoViewController.swift in Sources */ = {isa = PBXBuildFile; fileRef = 66FF0AF61E055317009A8AF5 /* DetallePartidoViewController.swift */; };
		66FF0AFB1E059EC7009A8AF5 /* ClasificacionTableViewController.swift in Sources */ = {isa = PBXBuildFile; fileRef = 66FF0AFA1E059EC7009A8AF5 /* ClasificacionTableViewController.swift */; };
		66FF0AFD1E05A16F009A8AF5 /* ClasificacionTableViewCell.swift in Sources */ = {isa = PBXBuildFile; fileRef = 66FF0AFC1E05A16F009A8AF5 /* ClasificacionTableViewCell.swift */; };
		66FF0B031E05BD28009A8AF5 /* AlineacionesTableViewController.swift in Sources */ = {isa = PBXBuildFile; fileRef = 66FF0B021E05BD28009A8AF5 /* AlineacionesTableViewController.swift */; };
		66FF0B051E05C2FC009A8AF5 /* AlineacionTableViewCell.swift in Sources */ = {isa = PBXBuildFile; fileRef = 66FF0B041E05C2FC009A8AF5 /* AlineacionTableViewCell.swift */; };
/* End PBXBuildFile section */

/* Begin PBXFileReference section */
		66CE80BD1E044E32003D0344 /* ResultadosFutbol.app */ = {isa = PBXFileReference; explicitFileType = wrapper.application; includeInIndex = 0; path = ResultadosFutbol.app; sourceTree = BUILT_PRODUCTS_DIR; };
		66CE80C01E044E32003D0344 /* AppDelegate.swift */ = {isa = PBXFileReference; lastKnownFileType = sourcecode.swift; path = AppDelegate.swift; sourceTree = "<group>"; };
		66CE80C21E044E32003D0344 /* ViewController.swift */ = {isa = PBXFileReference; lastKnownFileType = sourcecode.swift; path = ViewController.swift; sourceTree = "<group>"; };
		66CE80C51E044E32003D0344 /* Base */ = {isa = PBXFileReference; lastKnownFileType = file.storyboard; name = Base; path = Base.lproj/Main.storyboard; sourceTree = "<group>"; };
		66CE80C71E044E32003D0344 /* Assets.xcassets */ = {isa = PBXFileReference; lastKnownFileType = folder.assetcatalog; path = Assets.xcassets; sourceTree = "<group>"; };
		66CE80CA1E044E32003D0344 /* Base */ = {isa = PBXFileReference; lastKnownFileType = file.storyboard; name = Base; path = Base.lproj/LaunchScreen.storyboard; sourceTree = "<group>"; };
		66CE80CC1E044E32003D0344 /* Info.plist */ = {isa = PBXFileReference; lastKnownFileType = text.plist.xml; path = Info.plist; sourceTree = "<group>"; };
		66CE80D21E0450CA003D0344 /* LigasTableViewController.swift */ = {isa = PBXFileReference; fileEncoding = 4; lastKnownFileType = sourcecode.swift; path = LigasTableViewController.swift; sourceTree = "<group>"; };
		66CE80D41E045600003D0344 /* CeldaLigaTableViewCell.swift */ = {isa = PBXFileReference; fileEncoding = 4; lastKnownFileType = sourcecode.swift; path = CeldaLigaTableViewCell.swift; sourceTree = "<group>"; };
		66FF0AEE1E046AA5009A8AF5 /* PartidosTableViewController.swift */ = {isa = PBXFileReference; fileEncoding = 4; lastKnownFileType = sourcecode.swift; path = PartidosTableViewController.swift; sourceTree = "<group>"; };
		66FF0AF01E046C95009A8AF5 /* PartidosTableViewCell.swift */ = {isa = PBXFileReference; fileEncoding = 4; lastKnownFileType = sourcecode.swift; path = PartidosTableViewCell.swift; sourceTree = "<group>"; };
		66FF0AF21E053879009A8AF5 /* LiveScoreTableViewCell.swift */ = {isa = PBXFileReference; fileEncoding = 4; lastKnownFileType = sourcecode.swift; path = LiveScoreTableViewCell.swift; sourceTree = "<group>"; };
		66FF0AF41E05388E009A8AF5 /* LiveScoreTableViewController.swift */ = {isa = PBXFileReference; fileEncoding = 4; lastKnownFileType = sourcecode.swift; path = LiveScoreTableViewController.swift; sourceTree = "<group>"; };
		66FF0AF61E055317009A8AF5 /* DetallePartidoViewController.swift */ = {isa = PBXFileReference; fileEncoding = 4; lastKnownFileType = sourcecode.swift; path = DetallePartidoViewController.swift; sourceTree = "<group>"; };
		66FF0AFA1E059EC7009A8AF5 /* ClasificacionTableViewController.swift */ = {isa = PBXFileReference; fileEncoding = 4; lastKnownFileType = sourcecode.swift; path = ClasificacionTableViewController.swift; sourceTree = "<group>"; };
		66FF0AFC1E05A16F009A8AF5 /* ClasificacionTableViewCell.swift */ = {isa = PBXFileReference; fileEncoding = 4; lastKnownFileType = sourcecode.swift; path = ClasificacionTableViewCell.swift; sourceTree = "<group>"; };
		66FF0B021E05BD28009A8AF5 /* AlineacionesTableViewController.swift */ = {isa = PBXFileReference; fileEncoding = 4; lastKnownFileType = sourcecode.swift; path = AlineacionesTableViewController.swift; sourceTree = "<group>"; };
		66FF0B041E05C2FC009A8AF5 /* AlineacionTableViewCell.swift */ = {isa = PBXFileReference; fileEncoding = 4; lastKnownFileType = sourcecode.swift; path = AlineacionTableViewCell.swift; sourceTree = "<group>"; };
/* End PBXFileReference section */

/* Begin PBXFrameworksBuildPhase section */
		66CE80BA1E044E32003D0344 /* Frameworks */ = {
			isa = PBXFrameworksBuildPhase;
			buildActionMask = 2147483647;
			files = (
			);
			runOnlyForDeploymentPostprocessing = 0;
		};
/* End PBXFrameworksBuildPhase section */

/* Begin PBXGroup section */
		66CE80B41E044E32003D0344 = {
			isa = PBXGroup;
			children = (
				66CE80BF1E044E32003D0344 /* ResultadosFutbol */,
				66CE80BE1E044E32003D0344 /* Products */,
			);
			sourceTree = "<group>";
		};
		66CE80BE1E044E32003D0344 /* Products */ = {
			isa = PBXGroup;
			children = (
				66CE80BD1E044E32003D0344 /* ResultadosFutbol.app */,
			);
			name = Products;
			sourceTree = "<group>";
		};
		66CE80BF1E044E32003D0344 /* ResultadosFutbol */ = {
			isa = PBXGroup;
			children = (
				66CE80C01E044E32003D0344 /* AppDelegate.swift */,
				66CE80C21E044E32003D0344 /* ViewController.swift */,
				66CE80C41E044E32003D0344 /* Main.storyboard */,
				66FF0B041E05C2FC009A8AF5 /* AlineacionTableViewCell.swift */,
				66FF0B021E05BD28009A8AF5 /* AlineacionesTableViewController.swift */,
				66FF0AFA1E059EC7009A8AF5 /* ClasificacionTableViewController.swift */,
				66FF0AFC1E05A16F009A8AF5 /* ClasificacionTableViewCell.swift */,
				66FF0AF61E055317009A8AF5 /* DetallePartidoViewController.swift */,
				66CE80D21E0450CA003D0344 /* LigasTableViewController.swift */,
				66CE80D41E045600003D0344 /* CeldaLigaTableViewCell.swift */,
				66FF0AF01E046C95009A8AF5 /* PartidosTableViewCell.swift */,
				66FF0AEE1E046AA5009A8AF5 /* PartidosTableViewController.swift */,
				66FF0AF21E053879009A8AF5 /* LiveScoreTableViewCell.swift */,
				66FF0AF41E05388E009A8AF5 /* LiveScoreTableViewController.swift */,
				66CE80C71E044E32003D0344 /* Assets.xcassets */,
				66CE80C91E044E32003D0344 /* LaunchScreen.storyboard */,
				66CE80CC1E044E32003D0344 /* Info.plist */,
			);
			path = ResultadosFutbol;
			sourceTree = "<group>";
		};
/* End PBXGroup section */

/* Begin PBXNativeTarget section */
		66CE80BC1E044E32003D0344 /* ResultadosFutbol */ = {
			isa = PBXNativeTarget;
			buildConfigurationList = 66CE80CF1E044E32003D0344 /* Build configuration list for PBXNativeTarget "ResultadosFutbol" */;
			buildPhases = (
				66CE80B91E044E32003D0344 /* Sources */,
				66CE80BA1E044E32003D0344 /* Frameworks */,
				66CE80BB1E044E32003D0344 /* Resources */,
			);
			buildRules = (
			);
			dependencies = (
			);
			name = ResultadosFutbol;
			productName = ResultadosFutbol;
			productReference = 66CE80BD1E044E32003D0344 /* ResultadosFutbol.app */;
			productType = "com.apple.product-type.application";
		};
/* End PBXNativeTarget section */

/* Begin PBXProject section */
		66CE80B51E044E32003D0344 /* Project object */ = {
			isa = PBXProject;
			attributes = {
				LastSwiftUpdateCheck = 0810;
				LastUpgradeCheck = 0810;
				ORGANIZATIONNAME = UPM;
				TargetAttributes = {
					66CE80BC1E044E32003D0344 = {
						CreatedOnToolsVersion = 8.1;
						ProvisioningStyle = Automatic;
					};
				};
			};
			buildConfigurationList = 66CE80B81E044E32003D0344 /* Build configuration list for PBXProject "ResultadosFutbol" */;
			compatibilityVersion = "Xcode 3.2";
			developmentRegion = English;
			hasScannedForEncodings = 0;
			knownRegions = (
				en,
				Base,
			);
			mainGroup = 66CE80B41E044E32003D0344;
			productRefGroup = 66CE80BE1E044E32003D0344 /* Products */;
			projectDirPath = "";
			projectRoot = "";
			targets = (
				66CE80BC1E044E32003D0344 /* ResultadosFutbol */,
			);
		};
/* End PBXProject section */

/* Begin PBXResourcesBuildPhase section */
		66CE80BB1E044E32003D0344 /* Resources */ = {
			isa = PBXResourcesBuildPhase;
			buildActionMask = 2147483647;
			files = (
				66CE80CB1E044E32003D0344 /* LaunchScreen.storyboard in Resources */,
				66CE80C81E044E32003D0344 /* Assets.xcassets in Resources */,
				66CE80C61E044E32003D0344 /* Main.storyboard in Resources */,
			);
			runOnlyForDeploymentPostprocessing = 0;
		};
/* End PBXResourcesBuildPhase section */

/* Begin PBXSourcesBuildPhase section */
		66CE80B91E044E32003D0344 /* Sources */ = {
			isa = PBXSourcesBuildPhase;
			buildActionMask = 2147483647;
			files = (
				66FF0AF51E05388E009A8AF5 /* LiveScoreTableViewController.swift in Sources */,
				66CE80D51E045600003D0344 /* CeldaLigaTableViewCell.swift in Sources */,
				66FF0AF71E055317009A8AF5 /* DetallePartidoViewController.swift in Sources */,
				66FF0AF11E046C95009A8AF5 /* PartidosTableViewCell.swift in Sources */,
				66FF0AFB1E059EC7009A8AF5 /* ClasificacionTableViewController.swift in Sources */,
				66FF0AEF1E046AA5009A8AF5 /* PartidosTableViewController.swift in Sources */,
				66FF0B031E05BD28009A8AF5 /* AlineacionesTableViewController.swift in Sources */,
				66FF0B051E05C2FC009A8AF5 /* AlineacionTableViewCell.swift in Sources */,
				66CE80C31E044E32003D0344 /* ViewController.swift in Sources */,
				66CE80D31E0450CA003D0344 /* LigasTableViewController.swift in Sources */,
				66CE80C11E044E32003D0344 /* AppDelegate.swift in Sources */,
				66FF0AF31E053879009A8AF5 /* LiveScoreTableViewCell.swift in Sources */,
				66FF0AFD1E05A16F009A8AF5 /* ClasificacionTableViewCell.swift in Sources */,
			);
			runOnlyForDeploymentPostprocessing = 0;
		};
/* End PBXSourcesBuildPhase section */

/* Begin PBXVariantGroup section */
		66CE80C41E044E32003D0344 /* Main.storyboard */ = {
			isa = PBXVariantGroup;
			children = (
				66CE80C51E044E32003D0344 /* Base */,
			);
			name = Main.storyboard;
			sourceTree = "<group>";
		};
		66CE80C91E044E32003D0344 /* LaunchScreen.storyboard */ = {
			isa = PBXVariantGroup;
			children = (
				66CE80CA1E044E32003D0344 /* Base */,
			);
			name = LaunchScreen.storyboard;
			sourceTree = "<group>";
		};
/* End PBXVariantGroup section */

/* Begin XCBuildConfiguration section */
		66CE80CD1E044E32003D0344 /* Debug */ = {
			isa = XCBuildConfiguration;
			buildSettings = {
				ALWAYS_SEARCH_USER_PATHS = NO;
				CLANG_ANALYZER_NONNULL = YES;
				CLANG_CXX_LANGUAGE_STANDARD = "gnu++0x";
				CLANG_CXX_LIBRARY = "libc++";
				CLANG_ENABLE_MODULES = YES;
				CLANG_ENABLE_OBJC_ARC = YES;
				CLANG_WARN_BOOL_CONVERSION = YES;
				CLANG_WARN_CONSTANT_CONVERSION = YES;
				CLANG_WARN_DIRECT_OBJC_ISA_USAGE = YES_ERROR;
				CLANG_WARN_DOCUMENTATION_COMMENTS = YES;
				CLANG_WARN_EMPTY_BODY = YES;
				CLANG_WARN_ENUM_CONVERSION = YES;
				CLANG_WARN_INFINITE_RECURSION = YES;
				CLANG_WARN_INT_CONVERSION = YES;
				CLANG_WARN_OBJC_ROOT_CLASS = YES_ERROR;
				CLANG_WARN_SUSPICIOUS_MOVES = YES;
				CLANG_WARN_UNREACHABLE_CODE = YES;
				CLANG_WARN__DUPLICATE_METHOD_MATCH = YES;
				"CODE_SIGN_IDENTITY[sdk=iphoneos*]" = "iPhone Developer";
				COPY_PHASE_STRIP = NO;
				DEBUG_INFORMATION_FORMAT = dwarf;
				ENABLE_STRICT_OBJC_MSGSEND = YES;
				ENABLE_TESTABILITY = YES;
				GCC_C_LANGUAGE_STANDARD = gnu99;
				GCC_DYNAMIC_NO_PIC = NO;
				GCC_NO_COMMON_BLOCKS = YES;
				GCC_OPTIMIZATION_LEVEL = 0;
				GCC_PREPROCESSOR_DEFINITIONS = (
					"DEBUG=1",
					"$(inherited)",
				);
				GCC_WARN_64_TO_32_BIT_CONVERSION = YES;
				GCC_WARN_ABOUT_RETURN_TYPE = YES_ERROR;
				GCC_WARN_UNDECLARED_SELECTOR = YES;
				GCC_WARN_UNINITIALIZED_AUTOS = YES_AGGRESSIVE;
				GCC_WARN_UNUSED_FUNCTION = YES;
				GCC_WARN_UNUSED_VARIABLE = YES;
				IPHONEOS_DEPLOYMENT_TARGET = 10.1;
				MTL_ENABLE_DEBUG_INFO = YES;
				ONLY_ACTIVE_ARCH = YES;
				SDKROOT = iphoneos;
				SWIFT_ACTIVE_COMPILATION_CONDITIONS = DEBUG;
				SWIFT_OPTIMIZATION_LEVEL = "-Onone";
				TARGETED_DEVICE_FAMILY = "1,2";
			};
			name = Debug;
		};
		66CE80CE1E044E32003D0344 /* Release */ = {
			isa = XCBuildConfiguration;
			buildSettings = {
				ALWAYS_SEARCH_USER_PATHS = NO;
				CLANG_ANALYZER_NONNULL = YES;
				CLANG_CXX_LANGUAGE_STANDARD = "gnu++0x";
				CLANG_CXX_LIBRARY = "libc++";
				CLANG_ENABLE_MODULES = YES;
				CLANG_ENABLE_OBJC_ARC = YES;
				CLANG_WARN_BOOL_CONVERSION = YES;
				CLANG_WARN_CONSTANT_CONVERSION = YES;
				CLANG_WARN_DIRECT_OBJC_ISA_USAGE = YES_ERROR;
				CLANG_WARN_DOCUMENTATION_COMMENTS = YES;
				CLANG_WARN_EMPTY_BODY = YES;
				CLANG_WARN_ENUM_CONVERSION = YES;
				CLANG_WARN_INFINITE_RECURSION = YES;
				CLANG_WARN_INT_CONVERSION = YES;
				CLANG_WARN_OBJC_ROOT_CLASS = YES_ERROR;
				CLANG_WARN_SUSPICIOUS_MOVES = YES;
				CLANG_WARN_UNREACHABLE_CODE = YES;
				CLANG_WARN__DUPLICATE_METHOD_MATCH = YES;
				"CODE_SIGN_IDENTITY[sdk=iphoneos*]" = "iPhone Developer";
				COPY_PHASE_STRIP = NO;
				DEBUG_INFORMATION_FORMAT = "dwarf-with-dsym";
				ENABLE_NS_ASSERTIONS = NO;
				ENABLE_STRICT_OBJC_MSGSEND = YES;
				GCC_C_LANGUAGE_STANDARD = gnu99;
				GCC_NO_COMMON_BLOCKS = YES;
				GCC_WARN_64_TO_32_BIT_CONVERSION = YES;
				GCC_WARN_ABOUT_RETURN_TYPE = YES_ERROR;
				GCC_WARN_UNDECLARED_SELECTOR = YES;
				GCC_WARN_UNINITIALIZED_AUTOS = YES_AGGRESSIVE;
				GCC_WARN_UNUSED_FUNCTION = YES;
				GCC_WARN_UNUSED_VARIABLE = YES;
				IPHONEOS_DEPLOYMENT_TARGET = 10.1;
				MTL_ENABLE_DEBUG_INFO = NO;
				SDKROOT = iphoneos;
				SWIFT_OPTIMIZATION_LEVEL = "-Owholemodule";
				TARGETED_DEVICE_FAMILY = "1,2";
				VALIDATE_PRODUCT = YES;
			};
			name = Release;
		};
		66CE80D01E044E32003D0344 /* Debug */ = {
			isa = XCBuildConfiguration;
			buildSettings = {
				ASSETCATALOG_COMPILER_APPICON_NAME = AppIcon;
				INFOPLIST_FILE = ResultadosFutbol/Info.plist;
				LD_RUNPATH_SEARCH_PATHS = "$(inherited) @executable_path/Frameworks";
				PRODUCT_BUNDLE_IDENTIFIER = es.upm.ResultadosFutbol;
				PRODUCT_NAME = "$(TARGET_NAME)";
				SWIFT_VERSION = 3.0;
			};
			name = Debug;
		};
		66CE80D11E044E32003D0344 /* Release */ = {
			isa = XCBuildConfiguration;
			buildSettings = {
				ASSETCATALOG_COMPILER_APPICON_NAME = AppIcon;
				INFOPLIST_FILE = ResultadosFutbol/Info.plist;
				LD_RUNPATH_SEARCH_PATHS = "$(inherited) @executable_path/Frameworks";
				PRODUCT_BUNDLE_IDENTIFIER = es.upm.ResultadosFutbol;
				PRODUCT_NAME = "$(TARGET_NAME)";
				SWIFT_VERSION = 3.0;
			};
			name = Release;
		};
/* End XCBuildConfiguration section */

/* Begin XCConfigurationList section */
		66CE80B81E044E32003D0344 /* Build configuration list for PBXProject "ResultadosFutbol" */ = {
			isa = XCConfigurationList;
			buildConfigurations = (
				66CE80CD1E044E32003D0344 /* Debug */,
				66CE80CE1E044E32003D0344 /* Release */,
			);
			defaultConfigurationIsVisible = 0;
			defaultConfigurationName = Release;
		};
		66CE80CF1E044E32003D0344 /* Build configuration list for PBXNativeTarget "ResultadosFutbol" */ = {
			isa = XCConfigurationList;
			buildConfigurations = (
				66CE80D01E044E32003D0344 /* Debug */,
				66CE80D11E044E32003D0344 /* Release */,
			);
			defaultConfigurationIsVisible = 0;
			defaultConfigurationName = Release;
		};
/* End XCConfigurationList section */
	};
	rootObject = 66CE80B51E044E32003D0344 /* Project object */;
}
